
Microsoft Visual Studio Solution File, Format Version 12.00
Project("{2150E333-8FDC-42A3-9474-1A3956D46DE8}") = "Presentation", "src\Presentation", "{E09E3B7A-2D63-45F0-90BA-93C7520715D7}"
EndProject
Project("{FAE04EC0-301F-11D3-BF4B-00C04F79EFBC}") = "WebApi", "src\WebApi\WebApi.csproj", "{7C6C38B2-0295-4900-AE57-3F1D11C4907C}"
EndProject
Project("{2150E333-8FDC-42A3-9474-1A3956D46DE8}") = "Infrastructure", "src\Infrastructure", "{E43A7500-40F6-4041-AA03-FF0A22FE8D85}"
EndProject
Project("{2150E333-8FDC-42A3-9474-1A3956D46DE8}") = "Domain", "src\Domain", "{565706B9-EE6B-4874-B251-16B46B5849C5}"
EndProject
Project("{FAE04EC0-301F-11D3-BF4B-00C04F79EFBC}") = "Domain", "src\Domain\Domain.csproj", "{E24F2BD6-28F2-4375-86D1-99EE749A804C}"
EndProject
Project("{FAE04EC0-301F-11D3-BF4B-00C04F79EFBC}") = "Infrastructure", "src\Infrastructure\Infrastructure.csproj", "{80B376DC-FB6A-4FA4-AEDB-6D1D5067E35C}"
EndProject
Project("{2150E333-8FDC-42A3-9474-1A3956D46DE8}") = "Application", "src\Application", "{61C93F54-4773-436C-93D1-6832CC7AB6E0}"
EndProject
Project("{FAE04EC0-301F-11D3-BF4B-00C04F79EFBC}") = "Application", "src\Application\Application.csproj", "{5DA239F5-819C-4D0E-91C5-8081DFE7D330}"
EndProject
Project("{2150E333-8FDC-42A3-9474-1A3956D46DE8}") = "Shared", "src\Shared", "{17864D7A-4A33-4401-A84D-27047CB487B6}"
EndProject
Project("{FAE04EC0-301F-11D3-BF4B-00C04F79EFBC}") = "Shared.Events", "src\Shared.Events\Shared.Events.csproj", "{5664B7EA-2C3B-4476-9BDD-C6E55EB5A15F}"
EndProject
Project("{2150E333-8FDC-42A3-9474-1A3956D46DE8}") = "src", "src", "{252549D3-A164-4E6A-B221-632723E0EB44}"
EndProject
Global
	GlobalSection(SolutionConfigurationPlatforms) = preSolution
		Debug|Any CPU = Debug|Any CPU
		Release|Any CPU = Release|Any CPU
	EndGlobalSection
	GlobalSection(ProjectConfigurationPlatforms) = postSolution
		{7C6C38B2-0295-4900-AE57-3F1D11C4907C}.Debug|Any CPU.ActiveCfg = Debug|Any CPU
		{7C6C38B2-0295-4900-AE57-3F1D11C4907C}.Debug|Any CPU.Build.0 = Debug|Any CPU
		{7C6C38B2-0295-4900-AE57-3F1D11C4907C}.Release|Any CPU.ActiveCfg = Release|Any CPU
		{7C6C38B2-0295-4900-AE57-3F1D11C4907C}.Release|Any CPU.Build.0 = Release|Any CPU
		{E24F2BD6-28F2-4375-86D1-99EE749A804C}.Debug|Any CPU.ActiveCfg = Debug|Any CPU
		{E24F2BD6-28F2-4375-86D1-99EE749A804C}.Debug|Any CPU.Build.0 = Debug|Any CPU
		{E24F2BD6-28F2-4375-86D1-99EE749A804C}.Release|Any CPU.ActiveCfg = Release|Any CPU
		{E24F2BD6-28F2-4375-86D1-99EE749A804C}.Release|Any CPU.Build.0 = Release|Any CPU
		{80B376DC-FB6A-4FA4-AEDB-6D1D5067E35C}.Debug|Any CPU.ActiveCfg = Debug|Any CPU
		{80B376DC-FB6A-4FA4-AEDB-6D1D5067E35C}.Debug|Any CPU.Build.0 = Debug|Any CPU
		{80B376DC-FB6A-4FA4-AEDB-6D1D5067E35C}.Release|Any CPU.ActiveCfg = Release|Any CPU
		{80B376DC-FB6A-4FA4-AEDB-6D1D5067E35C}.Release|Any CPU.Build.0 = Release|Any CPU
		{5DA239F5-819C-4D0E-91C5-8081DFE7D330}.Debug|Any CPU.ActiveCfg = Debug|Any CPU
		{5DA239F5-819C-4D0E-91C5-8081DFE7D330}.Debug|Any CPU.Build.0 = Debug|Any CPU
		{5DA239F5-819C-4D0E-91C5-8081DFE7D330}.Release|Any CPU.ActiveCfg = Release|Any CPU
		{5DA239F5-819C-4D0E-91C5-8081DFE7D330}.Release|Any CPU.Build.0 = Release|Any CPU
		{5664B7EA-2C3B-4476-9BDD-C6E55EB5A15F}.Debug|Any CPU.ActiveCfg = Debug|Any CPU
		{5664B7EA-2C3B-4476-9BDD-C6E55EB5A15F}.Debug|Any CPU.Build.0 = Debug|Any CPU
		{5664B7EA-2C3B-4476-9BDD-C6E55EB5A15F}.Release|Any CPU.ActiveCfg = Release|Any CPU
		{5664B7EA-2C3B-4476-9BDD-C6E55EB5A15F}.Release|Any CPU.Build.0 = Release|Any CPU
	EndGlobalSection
	GlobalSection(NestedProjects) = preSolution
		{7C6C38B2-0295-4900-AE57-3F1D11C4907C} = {E09E3B7A-2D63-45F0-90BA-93C7520715D7}
		{E24F2BD6-28F2-4375-86D1-99EE749A804C} = {565706B9-EE6B-4874-B251-16B46B5849C5}
		{80B376DC-FB6A-4FA4-AEDB-6D1D5067E35C} = {E43A7500-40F6-4041-AA03-FF0A22FE8D85}
		{5DA239F5-819C-4D0E-91C5-8081DFE7D330} = {61C93F54-4773-436C-93D1-6832CC7AB6E0}
		{5664B7EA-2C3B-4476-9BDD-C6E55EB5A15F} = {17864D7A-4A33-4401-A84D-27047CB487B6}
		{61C93F54-4773-436C-93D1-6832CC7AB6E0} = {252549D3-A164-4E6A-B221-632723E0EB44}
		{565706B9-EE6B-4874-B251-16B46B5849C5} = {252549D3-A164-4E6A-B221-632723E0EB44}
		{E43A7500-40F6-4041-AA03-FF0A22FE8D85} = {252549D3-A164-4E6A-B221-632723E0EB44}
		{E09E3B7A-2D63-45F0-90BA-93C7520715D7} = {252549D3-A164-4E6A-B221-632723E0EB44}
		{17864D7A-4A33-4401-A84D-27047CB487B6} = {252549D3-A164-4E6A-B221-632723E0EB44}
	EndGlobalSection
EndGlobal
