
Microsoft Visual Studio Solution File, Format Version 12.00
# Visual Studio Version 17
VisualStudioVersion = 17.5.002.0
MinimumVisualStudioVersion = 10.0.40219.1
Project("{9A19103F-16F7-4668-BE54-9A1E7A4F7556}") = "Application", "Application\Application.csproj", "{EC82F030-1A4F-48FE-8B76-FA23FD53EED3}"
EndProject
Project("{9A19103F-16F7-4668-BE54-9A1E7A4F7556}") = "WebApi", "WebApi\WebApi.csproj", "{5B16CFE4-3624-418A-AFD2-F4F6A397A781}"
EndProject
Project("{9A19103F-16F7-4668-BE54-9A1E7A4F7556}") = "Infrastructure", "Infrastructure\Infrastructure.csproj", "{E9B82C4D-2AA9-4C07-9C8A-B39BA6F24D65}"
EndProject
Project("{9A19103F-16F7-4668-BE54-9A1E7A4F7556}") = "Domain", "Domain\Domain.csproj", "{A6EB14AC-1E86-4394-BF65-C6D41AD5D296}"
EndProject
Project("{9A19103F-16F7-4668-BE54-9A1E7A4F7556}") = "Shared.Events", "Shared.Events\Shared.Events.csproj", "{49408141-0CFE-4CD1-8239-2BB2B535AE77}"
EndProject
Global
	GlobalSection(SolutionConfigurationPlatforms) = preSolution
		Debug|Any CPU = Debug|Any CPU
		Release|Any CPU = Release|Any CPU
	EndGlobalSection
	GlobalSection(ProjectConfigurationPlatforms) = postSolution
		{EC82F030-1A4F-48FE-8B76-FA23FD53EED3}.Debug|Any CPU.ActiveCfg = Debug|Any CPU
		{EC82F030-1A4F-48FE-8B76-FA23FD53EED3}.Debug|Any CPU.Build.0 = Debug|Any CPU
		{EC82F030-1A4F-48FE-8B76-FA23FD53EED3}.Release|Any CPU.ActiveCfg = Release|Any CPU
		{EC82F030-1A4F-48FE-8B76-FA23FD53EED3}.Release|Any CPU.Build.0 = Release|Any CPU
		{5B16CFE4-3624-418A-AFD2-F4F6A397A781}.Debug|Any CPU.ActiveCfg = Debug|Any CPU
		{5B16CFE4-3624-418A-AFD2-F4F6A397A781}.Debug|Any CPU.Build.0 = Debug|Any CPU
		{5B16CFE4-3624-418A-AFD2-F4F6A397A781}.Release|Any CPU.ActiveCfg = Release|Any CPU
		{5B16CFE4-3624-418A-AFD2-F4F6A397A781}.Release|Any CPU.Build.0 = Release|Any CPU
		{E9B82C4D-2AA9-4C07-9C8A-B39BA6F24D65}.Debug|Any CPU.ActiveCfg = Debug|Any CPU
		{E9B82C4D-2AA9-4C07-9C8A-B39BA6F24D65}.Debug|Any CPU.Build.0 = Debug|Any CPU
		{E9B82C4D-2AA9-4C07-9C8A-B39BA6F24D65}.Release|Any CPU.ActiveCfg = Release|Any CPU
		{E9B82C4D-2AA9-4C07-9C8A-B39BA6F24D65}.Release|Any CPU.Build.0 = Release|Any CPU
		{A6EB14AC-1E86-4394-BF65-C6D41AD5D296}.Debug|Any CPU.ActiveCfg = Debug|Any CPU
		{A6EB14AC-1E86-4394-BF65-C6D41AD5D296}.Debug|Any CPU.Build.0 = Debug|Any CPU
		{A6EB14AC-1E86-4394-BF65-C6D41AD5D296}.Release|Any CPU.ActiveCfg = Release|Any CPU
		{A6EB14AC-1E86-4394-BF65-C6D41AD5D296}.Release|Any CPU.Build.0 = Release|Any CPU
		{49408141-0CFE-4CD1-8239-2BB2B535AE77}.Debug|Any CPU.ActiveCfg = Debug|Any CPU
		{49408141-0CFE-4CD1-8239-2BB2B535AE77}.Debug|Any CPU.Build.0 = Debug|Any CPU
		{49408141-0CFE-4CD1-8239-2BB2B535AE77}.Release|Any CPU.ActiveCfg = Release|Any CPU
		{49408141-0CFE-4CD1-8239-2BB2B535AE77}.Release|Any CPU.Build.0 = Release|Any CPU
	EndGlobalSection
	GlobalSection(SolutionProperties) = preSolution
		HideSolutionNode = FALSE
	EndGlobalSection
	GlobalSection(ExtensibilityGlobals) = postSolution
		SolutionGuid = {037C80F1-ED79-4C95-A047-1952628602B0}
	EndGlobalSection
EndGlobal
